{
  "version": 4,
  "terraform_version": "1.10.5",
  "serial": 9,
  "lineage": "3657d701-8f44-87ff-1e8d-89a469d65cf3",
  "outputs": {},
  "resources": [
    {
      "mode": "managed",
      "type": "postgresql_database",
      "name": "dev_db",
      "provider": "provider[\"registry.terraform.io/cyrilgdn/postgresql\"]",
      "instances": [
        {
          "schema_version": 0,
          "attributes": {
            "allow_connections": true,
            "alter_object_ownership": true,
            "connection_limit": -1,
            "encoding": "UTF8",
            "id": "dev_sales_db",
            "is_template": false,
            "lc_collate": "C",
            "lc_ctype": "en_US.utf8",
            "name": "dev_sales_db",
            "owner": "airflow",
            "tablespace_name": "pg_default",
            "template": "template0"
          },
          "sensitive_attributes": [],
          "private": "bnVsbA=="
        }
      ]
    },
    {
      "mode": "managed",
      "type": "postgresql_database",
      "name": "prod_db",
      "provider": "provider[\"registry.terraform.io/cyrilgdn/postgresql\"]",
      "instances": [
        {
          "schema_version": 0,
          "attributes": {
            "allow_connections": true,
            "alter_object_ownership": true,
            "connection_limit": -1,
            "encoding": "UTF8",
            "id": "sales_db",
            "is_template": false,
            "lc_collate": "C",
            "lc_ctype": "en_US.utf8",
            "name": "sales_db",
            "owner": "airflow",
            "tablespace_name": "pg_default",
            "template": "template0"
          },
          "sensitive_attributes": [],
          "private": "bnVsbA=="
        }
      ]
    }
  ],
  "check_results": null
}
