{
  "version": 4,
  "terraform_version": "1.10.5",
  "serial": 4,
  "lineage": "825f39f9-7daf-2afa-48d8-c23c4165949b",
  "outputs": {},
  "resources": [
    {
      "mode": "managed",
      "type": "postgresql_schema",
      "name": "sales",
      "provider": "provider[\"registry.terraform.io/cyrilgdn/postgresql\"]",
      "instances": [
        {
          "schema_version": 0,
          "attributes": {
            "database": "sales_db",
            "drop_cascade": false,
            "id": "sales_db.sales",
            "if_not_exists": true,
            "name": "sales",
            "owner": "airflow",
            "policy": [
              {
                "create": false,
                "create_with_grant": false,
                "role": "",
                "usage": true,
                "usage_with_grant": false
              }
            ]
          },
          "sensitive_attributes": [],
          "private": "bnVsbA=="
        }
      ]
    },
    {
      "mode": "managed",
      "type": "postgresql_schema",
      "name": "stg",
      "provider": "provider[\"registry.terraform.io/cyrilgdn/postgresql\"]",
      "instances": [
        {
          "schema_version": 0,
          "attributes": {
            "database": "sales_db",
            "drop_cascade": false,
            "id": "sales_db.stg",
            "if_not_exists": true,
            "name": "stg",
            "owner": "airflow",
            "policy": [
              {
                "create": false,
                "create_with_grant": false,
                "role": "",
                "usage": true,
                "usage_with_grant": false
              }
            ]
          },
          "sensitive_attributes": [],
          "private": "bnVsbA=="
        }
      ]
    },
    {
      "mode": "managed",
      "type": "postgresql_schema",
      "name": "supplies",
      "provider": "provider[\"registry.terraform.io/cyrilgdn/postgresql\"]",
      "instances": [
        {
          "schema_version": 0,
          "attributes": {
            "database": "sales_db",
            "drop_cascade": false,
            "id": "sales_db.supplies",
            "if_not_exists": true,
            "name": "supplies",
            "owner": "airflow",
            "policy": [
              {
                "create": false,
                "create_with_grant": false,
                "role": "",
                "usage": true,
                "usage_with_grant": false
              }
            ]
          },
          "sensitive_attributes": [],
          "private": "bnVsbA=="
        }
      ]
    }
  ],
  "check_results": null
}
